
Microsoft Visual Studio Solution File, Format Version 12.00
# Visual Studio Version 16
VisualStudioVersion = 16.0.29519.87
MinimumVisualStudioVersion = 10.0.40219.1
Project("{FAE04EC0-301F-11D3-BF4B-00C04F79EFBC}") = "lb2,2", "lb2,2.csproj", "{FC5CA917-F4A5-49D4-AC67-E222FA66894C}"
EndProject
Global
	GlobalSection(SolutionConfigurationPlatforms) = preSolution
		Debug|Any CPU = Debug|Any CPU
		Release|Any CPU = Release|Any CPU
	EndGlobalSection
	GlobalSection(ProjectConfigurationPlatforms) = postSolution
		{FC5CA917-F4A5-49D4-AC67-E222FA66894C}.Debug|Any CPU.ActiveCfg = Debug|Any CPU
		{FC5CA917-F4A5-49D4-AC67-E222FA66894C}.Debug|Any CPU.Build.0 = Debug|Any CPU
		{FC5CA917-F4A5-49D4-AC67-E222FA66894C}.Release|Any CPU.ActiveCfg = Release|Any CPU
		{FC5CA917-F4A5-49D4-AC67-E222FA66894C}.Release|Any CPU.Build.0 = Release|Any CPU
	EndGlobalSection
	GlobalSection(SolutionProperties) = preSolution
		HideSolutionNode = FALSE
	EndGlobalSection
	GlobalSection(ExtensibilityGlobals) = postSolution
		SolutionGuid = {185AFE45-5562-46C4-B3CC-CA15D7F8E8B0}
	EndGlobalSection
EndGlobal
