
Microsoft Visual Studio Solution File, Format Version 12.00
# Visual Studio Version 16
VisualStudioVersion = 16.0.29519.87
MinimumVisualStudioVersion = 10.0.40219.1
Project("{FAE04EC0-301F-11D3-BF4B-00C04F79EFBC}") = "6лаба6", "6лаба6.csproj", "{BA966CF2-9A33-48AC-84C1-939B3C0B86D0}"
EndProject
Global
	GlobalSection(SolutionConfigurationPlatforms) = preSolution
		Debug|Any CPU = Debug|Any CPU
		Release|Any CPU = Release|Any CPU
	EndGlobalSection
	GlobalSection(ProjectConfigurationPlatforms) = postSolution
		{BA966CF2-9A33-48AC-84C1-939B3C0B86D0}.Debug|Any CPU.ActiveCfg = Debug|Any CPU
		{BA966CF2-9A33-48AC-84C1-939B3C0B86D0}.Debug|Any CPU.Build.0 = Debug|Any CPU
		{BA966CF2-9A33-48AC-84C1-939B3C0B86D0}.Release|Any CPU.ActiveCfg = Release|Any CPU
		{BA966CF2-9A33-48AC-84C1-939B3C0B86D0}.Release|Any CPU.Build.0 = Release|Any CPU
	EndGlobalSection
	GlobalSection(SolutionProperties) = preSolution
		HideSolutionNode = FALSE
	EndGlobalSection
	GlobalSection(ExtensibilityGlobals) = postSolution
		SolutionGuid = {AEBE8A08-19A2-4659-9DEE-BF274C1DB94F}
	EndGlobalSection
EndGlobal
