
Microsoft Visual Studio Solution File, Format Version 12.00
# Visual Studio Version 16
VisualStudioVersion = 16.0.28803.202
MinimumVisualStudioVersion = 10.0.40219.1
Project("{FAE04EC0-301F-11D3-BF4B-00C04F79EFBC}") = "Лр1.2", "Лр1.2\Лр1.2.csproj", "{0462C3A7-6773-41A3-AAC7-4BD918E81E55}"
EndProject
Global
	GlobalSection(SolutionConfigurationPlatforms) = preSolution
		Debug|Any CPU = Debug|Any CPU
		Release|Any CPU = Release|Any CPU
	EndGlobalSection
	GlobalSection(ProjectConfigurationPlatforms) = postSolution
		{0462C3A7-6773-41A3-AAC7-4BD918E81E55}.Debug|Any CPU.ActiveCfg = Debug|Any CPU
		{0462C3A7-6773-41A3-AAC7-4BD918E81E55}.Debug|Any CPU.Build.0 = Debug|Any CPU
		{0462C3A7-6773-41A3-AAC7-4BD918E81E55}.Release|Any CPU.ActiveCfg = Release|Any CPU
		{0462C3A7-6773-41A3-AAC7-4BD918E81E55}.Release|Any CPU.Build.0 = Release|Any CPU
	EndGlobalSection
	GlobalSection(SolutionProperties) = preSolution
		HideSolutionNode = FALSE
	EndGlobalSection
	GlobalSection(ExtensibilityGlobals) = postSolution
		SolutionGuid = {C177054B-127F-48BF-B475-7F7D589F6C9E}
	EndGlobalSection
EndGlobal
