
Microsoft Visual Studio Solution File, Format Version 12.00
# Visual Studio 15
VisualStudioVersion = 15.0.28307.1022
MinimumVisualStudioVersion = 10.0.40219.1
Project("{FAE04EC0-301F-11D3-BF4B-00C04F79EFBC}") = "WindowsFormsApp5", "WindowsFormsApp5\WindowsFormsApp5.csproj", "{153542CB-02F0-473B-B223-635CD799E322}"
EndProject
Global
	GlobalSection(SolutionConfigurationPlatforms) = preSolution
		Debug|Any CPU = Debug|Any CPU
		Release|Any CPU = Release|Any CPU
	EndGlobalSection
	GlobalSection(ProjectConfigurationPlatforms) = postSolution
		{153542CB-02F0-473B-B223-635CD799E322}.Debug|Any CPU.ActiveCfg = Debug|Any CPU
		{153542CB-02F0-473B-B223-635CD799E322}.Debug|Any CPU.Build.0 = Debug|Any CPU
		{153542CB-02F0-473B-B223-635CD799E322}.Release|Any CPU.ActiveCfg = Release|Any CPU
		{153542CB-02F0-473B-B223-635CD799E322}.Release|Any CPU.Build.0 = Release|Any CPU
	EndGlobalSection
	GlobalSection(SolutionProperties) = preSolution
		HideSolutionNode = FALSE
	EndGlobalSection
	GlobalSection(ExtensibilityGlobals) = postSolution
		SolutionGuid = {594B7923-984B-4775-8E44-703D1BEB95B8}
	EndGlobalSection
EndGlobal
