
Microsoft Visual Studio Solution File, Format Version 12.00
# Visual Studio Version 16
VisualStudioVersion = 16.0.28803.202
MinimumVisualStudioVersion = 10.0.40219.1
Project("{FAE04EC0-301F-11D3-BF4B-00C04F79EFBC}") = "Лр5.2", "Лр5.2\Лр5.2.csproj", "{F1E269CB-1A66-43F3-BA78-5F6A7C7CF6F0}"
EndProject
Global
	GlobalSection(SolutionConfigurationPlatforms) = preSolution
		Debug|Any CPU = Debug|Any CPU
		Release|Any CPU = Release|Any CPU
	EndGlobalSection
	GlobalSection(ProjectConfigurationPlatforms) = postSolution
		{F1E269CB-1A66-43F3-BA78-5F6A7C7CF6F0}.Debug|Any CPU.ActiveCfg = Debug|Any CPU
		{F1E269CB-1A66-43F3-BA78-5F6A7C7CF6F0}.Debug|Any CPU.Build.0 = Debug|Any CPU
		{F1E269CB-1A66-43F3-BA78-5F6A7C7CF6F0}.Release|Any CPU.ActiveCfg = Release|Any CPU
		{F1E269CB-1A66-43F3-BA78-5F6A7C7CF6F0}.Release|Any CPU.Build.0 = Release|Any CPU
	EndGlobalSection
	GlobalSection(SolutionProperties) = preSolution
		HideSolutionNode = FALSE
	EndGlobalSection
	GlobalSection(ExtensibilityGlobals) = postSolution
		SolutionGuid = {EB37E413-CB7A-49BA-B160-A7DF12B9D48E}
	EndGlobalSection
EndGlobal
