
Microsoft Visual Studio Solution File, Format Version 12.00
# Visual Studio Version 16
VisualStudioVersion = 16.0.28803.202
MinimumVisualStudioVersion = 10.0.40219.1
Project("{FAE04EC0-301F-11D3-BF4B-00C04F79EFBC}") = "Лр3.2", "Лр3.2\Лр3.2.csproj", "{6CE4EBDE-E96B-42F9-AFC0-A00BF543F74C}"
EndProject
Global
	GlobalSection(SolutionConfigurationPlatforms) = preSolution
		Debug|Any CPU = Debug|Any CPU
		Release|Any CPU = Release|Any CPU
	EndGlobalSection
	GlobalSection(ProjectConfigurationPlatforms) = postSolution
		{6CE4EBDE-E96B-42F9-AFC0-A00BF543F74C}.Debug|Any CPU.ActiveCfg = Debug|Any CPU
		{6CE4EBDE-E96B-42F9-AFC0-A00BF543F74C}.Debug|Any CPU.Build.0 = Debug|Any CPU
		{6CE4EBDE-E96B-42F9-AFC0-A00BF543F74C}.Release|Any CPU.ActiveCfg = Release|Any CPU
		{6CE4EBDE-E96B-42F9-AFC0-A00BF543F74C}.Release|Any CPU.Build.0 = Release|Any CPU
	EndGlobalSection
	GlobalSection(SolutionProperties) = preSolution
		HideSolutionNode = FALSE
	EndGlobalSection
	GlobalSection(ExtensibilityGlobals) = postSolution
		SolutionGuid = {AA33944B-1432-45AA-953B-49EF80FDA0E2}
	EndGlobalSection
EndGlobal
