
Microsoft Visual Studio Solution File, Format Version 12.00
# Visual Studio Version 16
VisualStudioVersion = 16.0.28803.202
MinimumVisualStudioVersion = 10.0.40219.1
Project("{FAE04EC0-301F-11D3-BF4B-00C04F79EFBC}") = "Лр4.3", "Лр4.3\Лр4.3.csproj", "{876525F8-1AB0-4E9F-9B14-1D16DD927F6E}"
EndProject
Global
	GlobalSection(SolutionConfigurationPlatforms) = preSolution
		Debug|Any CPU = Debug|Any CPU
		Release|Any CPU = Release|Any CPU
	EndGlobalSection
	GlobalSection(ProjectConfigurationPlatforms) = postSolution
		{876525F8-1AB0-4E9F-9B14-1D16DD927F6E}.Debug|Any CPU.ActiveCfg = Debug|Any CPU
		{876525F8-1AB0-4E9F-9B14-1D16DD927F6E}.Debug|Any CPU.Build.0 = Debug|Any CPU
		{876525F8-1AB0-4E9F-9B14-1D16DD927F6E}.Release|Any CPU.ActiveCfg = Release|Any CPU
		{876525F8-1AB0-4E9F-9B14-1D16DD927F6E}.Release|Any CPU.Build.0 = Release|Any CPU
	EndGlobalSection
	GlobalSection(SolutionProperties) = preSolution
		HideSolutionNode = FALSE
	EndGlobalSection
	GlobalSection(ExtensibilityGlobals) = postSolution
		SolutionGuid = {C44CA890-7590-4028-B25F-92EB7F3C8807}
	EndGlobalSection
EndGlobal
