
Microsoft Visual Studio Solution File, Format Version 12.00
# Visual Studio Version 16
VisualStudioVersion = 16.0.28803.202
MinimumVisualStudioVersion = 10.0.40219.1
Project("{FAE04EC0-301F-11D3-BF4B-00C04F79EFBC}") = "Лр2.3", "Лр2.3\Лр2.3.csproj", "{6D4B06E9-8499-404A-B26F-D6E259D03114}"
EndProject
Global
	GlobalSection(SolutionConfigurationPlatforms) = preSolution
		Debug|Any CPU = Debug|Any CPU
		Release|Any CPU = Release|Any CPU
	EndGlobalSection
	GlobalSection(ProjectConfigurationPlatforms) = postSolution
		{6D4B06E9-8499-404A-B26F-D6E259D03114}.Debug|Any CPU.ActiveCfg = Debug|Any CPU
		{6D4B06E9-8499-404A-B26F-D6E259D03114}.Debug|Any CPU.Build.0 = Debug|Any CPU
		{6D4B06E9-8499-404A-B26F-D6E259D03114}.Release|Any CPU.ActiveCfg = Release|Any CPU
		{6D4B06E9-8499-404A-B26F-D6E259D03114}.Release|Any CPU.Build.0 = Release|Any CPU
	EndGlobalSection
	GlobalSection(SolutionProperties) = preSolution
		HideSolutionNode = FALSE
	EndGlobalSection
	GlobalSection(ExtensibilityGlobals) = postSolution
		SolutionGuid = {995994C4-B9B1-40DE-BA04-AE3C215AF1CF}
	EndGlobalSection
EndGlobal
