
Microsoft Visual Studio Solution File, Format Version 12.00
# Visual Studio Version 16
VisualStudioVersion = 16.0.28803.202
MinimumVisualStudioVersion = 10.0.40219.1
Project("{FAE04EC0-301F-11D3-BF4B-00C04F79EFBC}") = "Лр5.1", "Лр5.1\Лр5.1.csproj", "{BE91DA3C-5A48-44D0-A200-EF9F5029B1CC}"
EndProject
Global
	GlobalSection(SolutionConfigurationPlatforms) = preSolution
		Debug|Any CPU = Debug|Any CPU
		Release|Any CPU = Release|Any CPU
	EndGlobalSection
	GlobalSection(ProjectConfigurationPlatforms) = postSolution
		{BE91DA3C-5A48-44D0-A200-EF9F5029B1CC}.Debug|Any CPU.ActiveCfg = Debug|Any CPU
		{BE91DA3C-5A48-44D0-A200-EF9F5029B1CC}.Debug|Any CPU.Build.0 = Debug|Any CPU
		{BE91DA3C-5A48-44D0-A200-EF9F5029B1CC}.Release|Any CPU.ActiveCfg = Release|Any CPU
		{BE91DA3C-5A48-44D0-A200-EF9F5029B1CC}.Release|Any CPU.Build.0 = Release|Any CPU
	EndGlobalSection
	GlobalSection(SolutionProperties) = preSolution
		HideSolutionNode = FALSE
	EndGlobalSection
	GlobalSection(ExtensibilityGlobals) = postSolution
		SolutionGuid = {3BC759FE-7456-4793-876E-7D4CFDD99DF4}
	EndGlobalSection
EndGlobal
