
Microsoft Visual Studio Solution File, Format Version 12.00
# Visual Studio Version 16
VisualStudioVersion = 16.0.29519.87
MinimumVisualStudioVersion = 10.0.40219.1
Project("{FAE04EC0-301F-11D3-BF4B-00C04F79EFBC}") = "lb77", "lb77.csproj", "{0DEEB205-694E-4751-A0EB-A92008FED158}"
EndProject
Global
	GlobalSection(SolutionConfigurationPlatforms) = preSolution
		Debug|Any CPU = Debug|Any CPU
		Release|Any CPU = Release|Any CPU
	EndGlobalSection
	GlobalSection(ProjectConfigurationPlatforms) = postSolution
		{0DEEB205-694E-4751-A0EB-A92008FED158}.Debug|Any CPU.ActiveCfg = Debug|Any CPU
		{0DEEB205-694E-4751-A0EB-A92008FED158}.Debug|Any CPU.Build.0 = Debug|Any CPU
		{0DEEB205-694E-4751-A0EB-A92008FED158}.Release|Any CPU.ActiveCfg = Release|Any CPU
		{0DEEB205-694E-4751-A0EB-A92008FED158}.Release|Any CPU.Build.0 = Release|Any CPU
	EndGlobalSection
	GlobalSection(SolutionProperties) = preSolution
		HideSolutionNode = FALSE
	EndGlobalSection
	GlobalSection(ExtensibilityGlobals) = postSolution
		SolutionGuid = {BF1BCC3A-FDE5-4259-8383-AC5071C1C92E}
	EndGlobalSection
EndGlobal
